
Microsoft Visual Studio Solution File, Format Version 12.00
# Visual Studio 15
VisualStudioVersion = 15.0.27428.2015
MinimumVisualStudioVersion = 10.0.40219.1
Project("{9092AA53-FB77-4645-B42D-1CCCA6BD08BD}") = "ngdeploy", "ngdeploy\ngdeploy.njsproj", "{CA809CC9-7053-4B64-BCF8-E4D8F8A0431A}"
EndProject
Global
	GlobalSection(SolutionConfigurationPlatforms) = preSolution
		Debug|Any CPU = Debug|Any CPU
		Release|Any CPU = Release|Any CPU
	EndGlobalSection
	GlobalSection(ProjectConfigurationPlatforms) = postSolution
		{CA809CC9-7053-4B64-BCF8-E4D8F8A0431A}.Debug|Any CPU.ActiveCfg = Debug|Any CPU
		{CA809CC9-7053-4B64-BCF8-E4D8F8A0431A}.Debug|Any CPU.Build.0 = Debug|Any CPU
		{CA809CC9-7053-4B64-BCF8-E4D8F8A0431A}.Release|Any CPU.ActiveCfg = Release|Any CPU
		{CA809CC9-7053-4B64-BCF8-E4D8F8A0431A}.Release|Any CPU.Build.0 = Release|Any CPU
	EndGlobalSection
	GlobalSection(SolutionProperties) = preSolution
		HideSolutionNode = FALSE
	EndGlobalSection
	GlobalSection(ExtensibilityGlobals) = postSolution
		SolutionGuid = {C4C551A9-8706-4941-85CA-DF903BEC16A8}
	EndGlobalSection
EndGlobal
